
Microsoft Visual Studio Solution File, Format Version 11.00
# Visual Studio 2010
Project("{FAE04EC0-301F-11D3-BF4B-00C04F79EFBC}") = "VuforiaScripts", "VuforiaScripts.csproj", "{7C815E76-2337-A1C4-175C-2E2C66DD8938}"
EndProject
Project("{FAE04EC0-301F-11D3-BF4B-00C04F79EFBC}") = "Assembly-CSharp", "Assembly-CSharp.csproj", "{9B15447F-10DB-20D6-BB8F-9F0A61C2A901}"
EndProject
Project("{FAE04EC0-301F-11D3-BF4B-00C04F79EFBC}") = "VuforiaEditorScripts", "VuforiaEditorScripts.csproj", "{E36ADC1D-F427-0FE3-CBC9-2AE4566EA675}"
EndProject
Global
	GlobalSection(SolutionConfigurationPlatforms) = preSolution
		Debug|Any CPU = Debug|Any CPU
		Release|Any CPU = Release|Any CPU
	EndGlobalSection
	GlobalSection(ProjectConfigurationPlatforms) = postSolution
		{7C815E76-2337-A1C4-175C-2E2C66DD8938}.Debug|Any CPU.ActiveCfg = Debug|Any CPU
		{7C815E76-2337-A1C4-175C-2E2C66DD8938}.Debug|Any CPU.Build.0 = Debug|Any CPU
		{7C815E76-2337-A1C4-175C-2E2C66DD8938}.Release|Any CPU.ActiveCfg = Release|Any CPU
		{7C815E76-2337-A1C4-175C-2E2C66DD8938}.Release|Any CPU.Build.0 = Release|Any CPU
		{9B15447F-10DB-20D6-BB8F-9F0A61C2A901}.Debug|Any CPU.ActiveCfg = Debug|Any CPU
		{9B15447F-10DB-20D6-BB8F-9F0A61C2A901}.Debug|Any CPU.Build.0 = Debug|Any CPU
		{9B15447F-10DB-20D6-BB8F-9F0A61C2A901}.Release|Any CPU.ActiveCfg = Release|Any CPU
		{9B15447F-10DB-20D6-BB8F-9F0A61C2A901}.Release|Any CPU.Build.0 = Release|Any CPU
		{E36ADC1D-F427-0FE3-CBC9-2AE4566EA675}.Debug|Any CPU.ActiveCfg = Debug|Any CPU
		{E36ADC1D-F427-0FE3-CBC9-2AE4566EA675}.Debug|Any CPU.Build.0 = Debug|Any CPU
		{E36ADC1D-F427-0FE3-CBC9-2AE4566EA675}.Release|Any CPU.ActiveCfg = Release|Any CPU
		{E36ADC1D-F427-0FE3-CBC9-2AE4566EA675}.Release|Any CPU.Build.0 = Release|Any CPU
	EndGlobalSection
	GlobalSection(SolutionProperties) = preSolution
		HideSolutionNode = FALSE
	EndGlobalSection
	GlobalSection(MonoDevelopProperties) = preSolution
		StartupItem = Assembly-CSharp.csproj
	EndGlobalSection
EndGlobal
